// !$*UTF8*$!
{
	archiveVersion = 1;
	classes = {
	};
	objectVersion = 55;
	objects = {

/* Begin PBXBuildFile section */
		7319A01118B53EC15B7E3686 /* Pods_MeteorTrackerTests.framework in Frameworks */ = {isa = PBXBuildFile; fileRef = 57FA1A473F5572BB2C7744A4 /* Pods_MeteorTrackerTests.framework */; };
		8817B449270F64D200890495 /* AppDelegate.swift in Sources */ = {isa = PBXBuildFile; fileRef = 8817B448270F64D200890495 /* AppDelegate.swift */; };
		8817B44B270F64D200890495 /* SceneDelegate.swift in Sources */ = {isa = PBXBuildFile; fileRef = 8817B44A270F64D200890495 /* SceneDelegate.swift */; };
		8817B44D270F64D200890495 /* ViewController.swift in Sources */ = {isa = PBXBuildFile; fileRef = 8817B44C270F64D200890495 /* ViewController.swift */; };
		8817B450270F64D200890495 /* Main.storyboard in Resources */ = {isa = PBXBuildFile; fileRef = 8817B44E270F64D200890495 /* Main.storyboard */; };
		8817B452270F64D500890495 /* Assets.xcassets in Resources */ = {isa = PBXBuildFile; fileRef = 8817B451270F64D500890495 /* Assets.xcassets */; };
		8817B455270F64D500890495 /* LaunchScreen.storyboard in Resources */ = {isa = PBXBuildFile; fileRef = 8817B453270F64D500890495 /* LaunchScreen.storyboard */; };
		8817B460270F64D500890495 /* MeteorTrackerTests.swift in Sources */ = {isa = PBXBuildFile; fileRef = 8817B45F270F64D500890495 /* MeteorTrackerTests.swift */; };
		883116F7270F6E9900AA5E48 /* APIClient.swift in Sources */ = {isa = PBXBuildFile; fileRef = 883116F6270F6E9900AA5E48 /* APIClient.swift */; };
		883116F9270F6FB500AA5E48 /* DataContainer.swift in Sources */ = {isa = PBXBuildFile; fileRef = 883116F8270F6FB500AA5E48 /* DataContainer.swift */; };
		E95C183016FFBB2ABAA38766 /* Pods_MeteorTracker.framework in Frameworks */ = {isa = PBXBuildFile; fileRef = 209B5E52C6B7B41F0A3753BC /* Pods_MeteorTracker.framework */; };
/* End PBXBuildFile section */

/* Begin PBXContainerItemProxy section */
		8817B45C270F64D500890495 /* PBXContainerItemProxy */ = {
			isa = PBXContainerItemProxy;
			containerPortal = 8817B43D270F64D100890495 /* Project object */;
			proxyType = 1;
			remoteGlobalIDString = 8817B444270F64D200890495;
			remoteInfo = MeteorTracker;
		};
/* End PBXContainerItemProxy section */

/* Begin PBXFileReference section */
		09B74BD72E6817107706A89D /* Pods-MeteorTrackerTests.release.xcconfig */ = {isa = PBXFileReference; includeInIndex = 1; lastKnownFileType = text.xcconfig; name = "Pods-MeteorTrackerTests.release.xcconfig"; path = "Target Support Files/Pods-MeteorTrackerTests/Pods-MeteorTrackerTests.release.xcconfig"; sourceTree = "<group>"; };
		0CC199024E41D2511EE2F935 /* Pods_MeteorTracker_MeteorTrackerUITests.framework */ = {isa = PBXFileReference; explicitFileType = wrapper.framework; includeInIndex = 0; path = Pods_MeteorTracker_MeteorTrackerUITests.framework; sourceTree = BUILT_PRODUCTS_DIR; };
		209B5E52C6B7B41F0A3753BC /* Pods_MeteorTracker.framework */ = {isa = PBXFileReference; explicitFileType = wrapper.framework; includeInIndex = 0; path = Pods_MeteorTracker.framework; sourceTree = BUILT_PRODUCTS_DIR; };
		2D3C409411F0CA0A29BE1D9A /* Pods-MeteorTracker-MeteorTrackerUITests.debug.xcconfig */ = {isa = PBXFileReference; includeInIndex = 1; lastKnownFileType = text.xcconfig; name = "Pods-MeteorTracker-MeteorTrackerUITests.debug.xcconfig"; path = "Target Support Files/Pods-MeteorTracker-MeteorTrackerUITests/Pods-MeteorTracker-MeteorTrackerUITests.debug.xcconfig"; sourceTree = "<group>"; };
		34E087B16CFEE9B5333C1C44 /* Pods-MeteorTrackerTests.debug.xcconfig */ = {isa = PBXFileReference; includeInIndex = 1; lastKnownFileType = text.xcconfig; name = "Pods-MeteorTrackerTests.debug.xcconfig"; path = "Target Support Files/Pods-MeteorTrackerTests/Pods-MeteorTrackerTests.debug.xcconfig"; sourceTree = "<group>"; };
		57FA1A473F5572BB2C7744A4 /* Pods_MeteorTrackerTests.framework */ = {isa = PBXFileReference; explicitFileType = wrapper.framework; includeInIndex = 0; path = Pods_MeteorTrackerTests.framework; sourceTree = BUILT_PRODUCTS_DIR; };
		7207FC4F007DC866C685EA6B /* Pods-MeteorTracker-MeteorTrackerUITests.release.xcconfig */ = {isa = PBXFileReference; includeInIndex = 1; lastKnownFileType = text.xcconfig; name = "Pods-MeteorTracker-MeteorTrackerUITests.release.xcconfig"; path = "Target Support Files/Pods-MeteorTracker-MeteorTrackerUITests/Pods-MeteorTracker-MeteorTrackerUITests.release.xcconfig"; sourceTree = "<group>"; };
		8817B445270F64D200890495 /* MeteorTracker.app */ = {isa = PBXFileReference; explicitFileType = wrapper.application; includeInIndex = 0; path = MeteorTracker.app; sourceTree = BUILT_PRODUCTS_DIR; };
		8817B448270F64D200890495 /* AppDelegate.swift */ = {isa = PBXFileReference; lastKnownFileType = sourcecode.swift; path = AppDelegate.swift; sourceTree = "<group>"; };
		8817B44A270F64D200890495 /* SceneDelegate.swift */ = {isa = PBXFileReference; lastKnownFileType = sourcecode.swift; path = SceneDelegate.swift; sourceTree = "<group>"; };
		8817B44C270F64D200890495 /* ViewController.swift */ = {isa = PBXFileReference; lastKnownFileType = sourcecode.swift; path = ViewController.swift; sourceTree = "<group>"; };
		8817B44F270F64D200890495 /* Base */ = {isa = PBXFileReference; lastKnownFileType = file.storyboard; name = Base; path = Base.lproj/Main.storyboard; sourceTree = "<group>"; };
		8817B451270F64D500890495 /* Assets.xcassets */ = {isa = PBXFileReference; lastKnownFileType = folder.assetcatalog; path = Assets.xcassets; sourceTree = "<group>"; };
		8817B454270F64D500890495 /* Base */ = {isa = PBXFileReference; lastKnownFileType = file.storyboard; name = Base; path = Base.lproj/LaunchScreen.storyboard; sourceTree = "<group>"; };
		8817B456270F64D500890495 /* Info.plist */ = {isa = PBXFileReference; lastKnownFileType = text.plist.xml; path = Info.plist; sourceTree = "<group>"; };
		8817B45B270F64D500890495 /* MeteorTrackerTests.xctest */ = {isa = PBXFileReference; explicitFileType = wrapper.cfbundle; includeInIndex = 0; path = MeteorTrackerTests.xctest; sourceTree = BUILT_PRODUCTS_DIR; };
		8817B45F270F64D500890495 /* MeteorTrackerTests.swift */ = {isa = PBXFileReference; lastKnownFileType = sourcecode.swift; path = MeteorTrackerTests.swift; sourceTree = "<group>"; };
		883116F6270F6E9900AA5E48 /* APIClient.swift */ = {isa = PBXFileReference; lastKnownFileType = sourcecode.swift; path = APIClient.swift; sourceTree = "<group>"; };
		883116F8270F6FB500AA5E48 /* DataContainer.swift */ = {isa = PBXFileReference; lastKnownFileType = sourcecode.swift; path = DataContainer.swift; sourceTree = "<group>"; };
		9B48BBC29CEC91E28A13CC88 /* Pods-MeteorTracker.release.xcconfig */ = {isa = PBXFileReference; includeInIndex = 1; lastKnownFileType = text.xcconfig; name = "Pods-MeteorTracker.release.xcconfig"; path = "Target Support Files/Pods-MeteorTracker/Pods-MeteorTracker.release.xcconfig"; sourceTree = "<group>"; };
		CEDB6CC802FCA2C25F4E6DF7 /* Pods-MeteorTracker.debug.xcconfig */ = {isa = PBXFileReference; includeInIndex = 1; lastKnownFileType = text.xcconfig; name = "Pods-MeteorTracker.debug.xcconfig"; path = "Target Support Files/Pods-MeteorTracker/Pods-MeteorTracker.debug.xcconfig"; sourceTree = "<group>"; };
/* End PBXFileReference section */

/* Begin PBXFrameworksBuildPhase section */
		8817B442270F64D200890495 /* Frameworks */ = {
			isa = PBXFrameworksBuildPhase;
			buildActionMask = 2147483647;
			files = (
				E95C183016FFBB2ABAA38766 /* Pods_MeteorTracker.framework in Frameworks */,
			);
			runOnlyForDeploymentPostprocessing = 0;
		};
		8817B458270F64D500890495 /* Frameworks */ = {
			isa = PBXFrameworksBuildPhase;
			buildActionMask = 2147483647;
			files = (
				7319A01118B53EC15B7E3686 /* Pods_MeteorTrackerTests.framework in Frameworks */,
			);
			runOnlyForDeploymentPostprocessing = 0;
		};
/* End PBXFrameworksBuildPhase section */

/* Begin PBXGroup section */
		3C3DA94C0593E4489BEB1C8A /* Pods */ = {
			isa = PBXGroup;
			children = (
				CEDB6CC802FCA2C25F4E6DF7 /* Pods-MeteorTracker.debug.xcconfig */,
				9B48BBC29CEC91E28A13CC88 /* Pods-MeteorTracker.release.xcconfig */,
				2D3C409411F0CA0A29BE1D9A /* Pods-MeteorTracker-MeteorTrackerUITests.debug.xcconfig */,
				7207FC4F007DC866C685EA6B /* Pods-MeteorTracker-MeteorTrackerUITests.release.xcconfig */,
				34E087B16CFEE9B5333C1C44 /* Pods-MeteorTrackerTests.debug.xcconfig */,
				09B74BD72E6817107706A89D /* Pods-MeteorTrackerTests.release.xcconfig */,
			);
			path = Pods;
			sourceTree = "<group>";
		};
		8817B43C270F64D100890495 = {
			isa = PBXGroup;
			children = (
				8817B447270F64D200890495 /* MeteorTracker */,
				8817B45E270F64D500890495 /* MeteorTrackerTests */,
				8817B446270F64D200890495 /* Products */,
				3C3DA94C0593E4489BEB1C8A /* Pods */,
				ECD0AC6F83CFA7689AC03C51 /* Frameworks */,
			);
			sourceTree = "<group>";
		};
		8817B446270F64D200890495 /* Products */ = {
			isa = PBXGroup;
			children = (
				8817B445270F64D200890495 /* MeteorTracker.app */,
				8817B45B270F64D500890495 /* MeteorTrackerTests.xctest */,
			);
			name = Products;
			sourceTree = "<group>";
		};
		8817B447270F64D200890495 /* MeteorTracker */ = {
			isa = PBXGroup;
			children = (
				883116F5270F6E7F00AA5E48 /* APIClient */,
				8817B448270F64D200890495 /* AppDelegate.swift */,
				8817B44A270F64D200890495 /* SceneDelegate.swift */,
				8817B44C270F64D200890495 /* ViewController.swift */,
				8817B44E270F64D200890495 /* Main.storyboard */,
				8817B451270F64D500890495 /* Assets.xcassets */,
				8817B453270F64D500890495 /* LaunchScreen.storyboard */,
				8817B456270F64D500890495 /* Info.plist */,
			);
			path = MeteorTracker;
			sourceTree = "<group>";
		};
		8817B45E270F64D500890495 /* MeteorTrackerTests */ = {
			isa = PBXGroup;
			children = (
				8817B45F270F64D500890495 /* MeteorTrackerTests.swift */,
			);
			path = MeteorTrackerTests;
			sourceTree = "<group>";
		};
		883116F5270F6E7F00AA5E48 /* APIClient */ = {
			isa = PBXGroup;
			children = (
				883116F6270F6E9900AA5E48 /* APIClient.swift */,
				883116F8270F6FB500AA5E48 /* DataContainer.swift */,
			);
			path = APIClient;
			sourceTree = "<group>";
		};
		ECD0AC6F83CFA7689AC03C51 /* Frameworks */ = {
			isa = PBXGroup;
			children = (
				209B5E52C6B7B41F0A3753BC /* Pods_MeteorTracker.framework */,
				0CC199024E41D2511EE2F935 /* Pods_MeteorTracker_MeteorTrackerUITests.framework */,
				57FA1A473F5572BB2C7744A4 /* Pods_MeteorTrackerTests.framework */,
			);
			name = Frameworks;
			sourceTree = "<group>";
		};
/* End PBXGroup section */

/* Begin PBXNativeTarget section */
		8817B444270F64D200890495 /* MeteorTracker */ = {
			isa = PBXNativeTarget;
			buildConfigurationList = 8817B46F270F64D500890495 /* Build configuration list for PBXNativeTarget "MeteorTracker" */;
			buildPhases = (
				75B2512DC1BEF58B900FDD70 /* [CP] Check Pods Manifest.lock */,
				8817B441270F64D200890495 /* Sources */,
				8817B442270F64D200890495 /* Frameworks */,
				8817B443270F64D200890495 /* Resources */,
				EEAC420C401B44BE32232564 /* [CP] Embed Pods Frameworks */,
			);
			buildRules = (
			);
			dependencies = (
			);
			name = MeteorTracker;
			productName = MeteorTracker;
			productReference = 8817B445270F64D200890495 /* MeteorTracker.app */;
			productType = "com.apple.product-type.application";
		};
		8817B45A270F64D500890495 /* MeteorTrackerTests */ = {
			isa = PBXNativeTarget;
			buildConfigurationList = 8817B472270F64D500890495 /* Build configuration list for PBXNativeTarget "MeteorTrackerTests" */;
			buildPhases = (
				83863BC6F753A46B9B09C4F6 /* [CP] Check Pods Manifest.lock */,
				8817B457270F64D500890495 /* Sources */,
				8817B458270F64D500890495 /* Frameworks */,
				8817B459270F64D500890495 /* Resources */,
			);
			buildRules = (
			);
			dependencies = (
				8817B45D270F64D500890495 /* PBXTargetDependency */,
			);
			name = MeteorTrackerTests;
			productName = MeteorTrackerTests;
			productReference = 8817B45B270F64D500890495 /* MeteorTrackerTests.xctest */;
			productType = "com.apple.product-type.bundle.unit-test";
		};
/* End PBXNativeTarget section */

/* Begin PBXProject section */
		8817B43D270F64D100890495 /* Project object */ = {
			isa = PBXProject;
			attributes = {
				BuildIndependentTargetsInParallel = 1;
				LastSwiftUpdateCheck = 1300;
				LastUpgradeCheck = 1300;
				TargetAttributes = {
					8817B444270F64D200890495 = {
						CreatedOnToolsVersion = 13.0;
					};
					8817B45A270F64D500890495 = {
						CreatedOnToolsVersion = 13.0;
						TestTargetID = 8817B444270F64D200890495;
					};
				};
			};
			buildConfigurationList = 8817B440270F64D100890495 /* Build configuration list for PBXProject "MeteorTracker" */;
			compatibilityVersion = "Xcode 13.0";
			developmentRegion = en;
			hasScannedForEncodings = 0;
			knownRegions = (
				en,
				Base,
			);
			mainGroup = 8817B43C270F64D100890495;
			productRefGroup = 8817B446270F64D200890495 /* Products */;
			projectDirPath = "";
			projectRoot = "";
			targets = (
				8817B444270F64D200890495 /* MeteorTracker */,
				8817B45A270F64D500890495 /* MeteorTrackerTests */,
			);
		};
/* End PBXProject section */

/* Begin PBXResourcesBuildPhase section */
		8817B443270F64D200890495 /* Resources */ = {
			isa = PBXResourcesBuildPhase;
			buildActionMask = 2147483647;
			files = (
				8817B455270F64D500890495 /* LaunchScreen.storyboard in Resources */,
				8817B452270F64D500890495 /* Assets.xcassets in Resources */,
				8817B450270F64D200890495 /* Main.storyboard in Resources */,
			);
			runOnlyForDeploymentPostprocessing = 0;
		};
		8817B459270F64D500890495 /* Resources */ = {
			isa = PBXResourcesBuildPhase;
			buildActionMask = 2147483647;
			files = (
			);
			runOnlyForDeploymentPostprocessing = 0;
		};
/* End PBXResourcesBuildPhase section */

/* Begin PBXShellScriptBuildPhase section */
		75B2512DC1BEF58B900FDD70 /* [CP] Check Pods Manifest.lock */ = {
			isa = PBXShellScriptBuildPhase;
			buildActionMask = 2147483647;
			files = (
			);
			inputFileListPaths = (
			);
			inputPaths = (
				"${PODS_PODFILE_DIR_PATH}/Podfile.lock",
				"${PODS_ROOT}/Manifest.lock",
			);
			name = "[CP] Check Pods Manifest.lock";
			outputFileListPaths = (
			);
			outputPaths = (
				"$(DERIVED_FILE_DIR)/Pods-MeteorTracker-checkManifestLockResult.txt",
			);
			runOnlyForDeploymentPostprocessing = 0;
			shellPath = /bin/sh;
			shellScript = "diff \"${PODS_PODFILE_DIR_PATH}/Podfile.lock\" \"${PODS_ROOT}/Manifest.lock\" > /dev/null\nif [ $? != 0 ] ; then\n    # print error to STDERR\n    echo \"error: The sandbox is not in sync with the Podfile.lock. Run 'pod install' or update your CocoaPods installation.\" >&2\n    exit 1\nfi\n# This output is used by Xcode 'outputs' to avoid re-running this script phase.\necho \"SUCCESS\" > \"${SCRIPT_OUTPUT_FILE_0}\"\n";
			showEnvVarsInLog = 0;
		};
		83863BC6F753A46B9B09C4F6 /* [CP] Check Pods Manifest.lock */ = {
			isa = PBXShellScriptBuildPhase;
			buildActionMask = 2147483647;
			files = (
			);
			inputFileListPaths = (
			);
			inputPaths = (
				"${PODS_PODFILE_DIR_PATH}/Podfile.lock",
				"${PODS_ROOT}/Manifest.lock",
			);
			name = "[CP] Check Pods Manifest.lock";
			outputFileListPaths = (
			);
			outputPaths = (
				"$(DERIVED_FILE_DIR)/Pods-MeteorTrackerTests-checkManifestLockResult.txt",
			);
			runOnlyForDeploymentPostprocessing = 0;
			shellPath = /bin/sh;
			shellScript = "diff \"${PODS_PODFILE_DIR_PATH}/Podfile.lock\" \"${PODS_ROOT}/Manifest.lock\" > /dev/null\nif [ $? != 0 ] ; then\n    # print error to STDERR\n    echo \"error: The sandbox is not in sync with the Podfile.lock. Run 'pod install' or update your CocoaPods installation.\" >&2\n    exit 1\nfi\n# This output is used by Xcode 'outputs' to avoid re-running this script phase.\necho \"SUCCESS\" > \"${SCRIPT_OUTPUT_FILE_0}\"\n";
			showEnvVarsInLog = 0;
		};
		EEAC420C401B44BE32232564 /* [CP] Embed Pods Frameworks */ = {
			isa = PBXShellScriptBuildPhase;
			buildActionMask = 2147483647;
			files = (
			);
			inputFileListPaths = (
				"${PODS_ROOT}/Target Support Files/Pods-MeteorTracker/Pods-MeteorTracker-frameworks-${CONFIGURATION}-input-files.xcfilelist",
			);
			name = "[CP] Embed Pods Frameworks";
			outputFileListPaths = (
				"${PODS_ROOT}/Target Support Files/Pods-MeteorTracker/Pods-MeteorTracker-frameworks-${CONFIGURATION}-output-files.xcfilelist",
			);
			runOnlyForDeploymentPostprocessing = 0;
			shellPath = /bin/sh;
			shellScript = "\"${PODS_ROOT}/Target Support Files/Pods-MeteorTracker/Pods-MeteorTracker-frameworks.sh\"\n";
			showEnvVarsInLog = 0;
		};
/* End PBXShellScriptBuildPhase section */

/* Begin PBXSourcesBuildPhase section */
		8817B441270F64D200890495 /* Sources */ = {
			isa = PBXSourcesBuildPhase;
			buildActionMask = 2147483647;
			files = (
				8817B44D270F64D200890495 /* ViewController.swift in Sources */,
				883116F9270F6FB500AA5E48 /* DataContainer.swift in Sources */,
				8817B449270F64D200890495 /* AppDelegate.swift in Sources */,
				8817B44B270F64D200890495 /* SceneDelegate.swift in Sources */,
				883116F7270F6E9900AA5E48 /* APIClient.swift in Sources */,
			);
			runOnlyForDeploymentPostprocessing = 0;
		};
		8817B457270F64D500890495 /* Sources */ = {
			isa = PBXSourcesBuildPhase;
			buildActionMask = 2147483647;
			files = (
				8817B460270F64D500890495 /* MeteorTrackerTests.swift in Sources */,
			);
			runOnlyForDeploymentPostprocessing = 0;
		};
/* End PBXSourcesBuildPhase section */

/* Begin PBXTargetDependency section */
		8817B45D270F64D500890495 /* PBXTargetDependency */ = {
			isa = PBXTargetDependency;
			target = 8817B444270F64D200890495 /* MeteorTracker */;
			targetProxy = 8817B45C270F64D500890495 /* PBXContainerItemProxy */;
		};
/* End PBXTargetDependency section */

/* Begin PBXVariantGroup section */
		8817B44E270F64D200890495 /* Main.storyboard */ = {
			isa = PBXVariantGroup;
			children = (
				8817B44F270F64D200890495 /* Base */,
			);
			name = Main.storyboard;
			sourceTree = "<group>";
		};
		8817B453270F64D500890495 /* LaunchScreen.storyboard */ = {
			isa = PBXVariantGroup;
			children = (
				8817B454270F64D500890495 /* Base */,
			);
			name = LaunchScreen.storyboard;
			sourceTree = "<group>";
		};
/* End PBXVariantGroup section */

/* Begin XCBuildConfiguration section */
		8817B46D270F64D500890495 /* Debug */ = {
			isa = XCBuildConfiguration;
			buildSettings = {
				ALWAYS_SEARCH_USER_PATHS = NO;
				CLANG_ANALYZER_NONNULL = YES;
				CLANG_ANALYZER_NUMBER_OBJECT_CONVERSION = YES_AGGRESSIVE;
				CLANG_CXX_LANGUAGE_STANDARD = "gnu++17";
				CLANG_CXX_LIBRARY = "libc++";
				CLANG_ENABLE_MODULES = YES;
				CLANG_ENABLE_OBJC_ARC = YES;
				CLANG_ENABLE_OBJC_WEAK = YES;
				CLANG_WARN_BLOCK_CAPTURE_AUTORELEASING = YES;
				CLANG_WARN_BOOL_CONVERSION = YES;
				CLANG_WARN_COMMA = YES;
				CLANG_WARN_CONSTANT_CONVERSION = YES;
				CLANG_WARN_DEPRECATED_OBJC_IMPLEMENTATIONS = YES;
				CLANG_WARN_DIRECT_OBJC_ISA_USAGE = YES_ERROR;
				CLANG_WARN_DOCUMENTATION_COMMENTS = YES;
				CLANG_WARN_EMPTY_BODY = YES;
				CLANG_WARN_ENUM_CONVERSION = YES;
				CLANG_WARN_INFINITE_RECURSION = YES;
				CLANG_WARN_INT_CONVERSION = YES;
				CLANG_WARN_NON_LITERAL_NULL_CONVERSION = YES;
				CLANG_WARN_OBJC_IMPLICIT_RETAIN_SELF = YES;
				CLANG_WARN_OBJC_LITERAL_CONVERSION = YES;
				CLANG_WARN_OBJC_ROOT_CLASS = YES_ERROR;
				CLANG_WARN_QUOTED_INCLUDE_IN_FRAMEWORK_HEADER = YES;
				CLANG_WARN_RANGE_LOOP_ANALYSIS = YES;
				CLANG_WARN_STRICT_PROTOTYPES = YES;
				CLANG_WARN_SUSPICIOUS_MOVE = YES;
				CLANG_WARN_UNGUARDED_AVAILABILITY = YES_AGGRESSIVE;
				CLANG_WARN_UNREACHABLE_CODE = YES;
				CLANG_WARN__DUPLICATE_METHOD_MATCH = YES;
				COPY_PHASE_STRIP = NO;
				DEBUG_INFORMATION_FORMAT = dwarf;
				ENABLE_STRICT_OBJC_MSGSEND = YES;
				ENABLE_TESTABILITY = YES;
				GCC_C_LANGUAGE_STANDARD = gnu11;
				GCC_DYNAMIC_NO_PIC = NO;
				GCC_NO_COMMON_BLOCKS = YES;
				GCC_OPTIMIZATION_LEVEL = 0;
				GCC_PREPROCESSOR_DEFINITIONS = (
					"DEBUG=1",
					"$(inherited)",
				);
				GCC_WARN_64_TO_32_BIT_CONVERSION = YES;
				GCC_WARN_ABOUT_RETURN_TYPE = YES_ERROR;
				GCC_WARN_UNDECLARED_SELECTOR = YES;
				GCC_WARN_UNINITIALIZED_AUTOS = YES_AGGRESSIVE;
				GCC_WARN_UNUSED_FUNCTION = YES;
				GCC_WARN_UNUSED_VARIABLE = YES;
				IPHONEOS_DEPLOYMENT_TARGET = 13.0;
				MTL_ENABLE_DEBUG_INFO = INCLUDE_SOURCE;
				MTL_FAST_MATH = YES;
				ONLY_ACTIVE_ARCH = YES;
				SDKROOT = iphoneos;
				SWIFT_ACTIVE_COMPILATION_CONDITIONS = DEBUG;
				SWIFT_OPTIMIZATION_LEVEL = "-Onone";
			};
			name = Debug;
		};
		8817B46E270F64D500890495 /* Release */ = {
			isa = XCBuildConfiguration;
			buildSettings = {
				ALWAYS_SEARCH_USER_PATHS = NO;
				CLANG_ANALYZER_NONNULL = YES;
				CLANG_ANALYZER_NUMBER_OBJECT_CONVERSION = YES_AGGRESSIVE;
				CLANG_CXX_LANGUAGE_STANDARD = "gnu++17";
				CLANG_CXX_LIBRARY = "libc++";
				CLANG_ENABLE_MODULES = YES;
				CLANG_ENABLE_OBJC_ARC = YES;
				CLANG_ENABLE_OBJC_WEAK = YES;
				CLANG_WARN_BLOCK_CAPTURE_AUTORELEASING = YES;
				CLANG_WARN_BOOL_CONVERSION = YES;
				CLANG_WARN_COMMA = YES;
				CLANG_WARN_CONSTANT_CONVERSION = YES;
				CLANG_WARN_DEPRECATED_OBJC_IMPLEMENTATIONS = YES;
				CLANG_WARN_DIRECT_OBJC_ISA_USAGE = YES_ERROR;
				CLANG_WARN_DOCUMENTATION_COMMENTS = YES;
				CLANG_WARN_EMPTY_BODY = YES;
				CLANG_WARN_ENUM_CONVERSION = YES;
				CLANG_WARN_INFINITE_RECURSION = YES;
				CLANG_WARN_INT_CONVERSION = YES;
				CLANG_WARN_NON_LITERAL_NULL_CONVERSION = YES;
				CLANG_WARN_OBJC_IMPLICIT_RETAIN_SELF = YES;
				CLANG_WARN_OBJC_LITERAL_CONVERSION = YES;
				CLANG_WARN_OBJC_ROOT_CLASS = YES_ERROR;
				CLANG_WARN_QUOTED_INCLUDE_IN_FRAMEWORK_HEADER = YES;
				CLANG_WARN_RANGE_LOOP_ANALYSIS = YES;
				CLANG_WARN_STRICT_PROTOTYPES = YES;
				CLANG_WARN_SUSPICIOUS_MOVE = YES;
				CLANG_WARN_UNGUARDED_AVAILABILITY = YES_AGGRESSIVE;
				CLANG_WARN_UNREACHABLE_CODE = YES;
				CLANG_WARN__DUPLICATE_METHOD_MATCH = YES;
				COPY_PHASE_STRIP = NO;
				DEBUG_INFORMATION_FORMAT = "dwarf-with-dsym";
				ENABLE_NS_ASSERTIONS = NO;
				ENABLE_STRICT_OBJC_MSGSEND = YES;
				GCC_C_LANGUAGE_STANDARD = gnu11;
				GCC_NO_COMMON_BLOCKS = YES;
				GCC_WARN_64_TO_32_BIT_CONVERSION = YES;
				GCC_WARN_ABOUT_RETURN_TYPE = YES_ERROR;
				GCC_WARN_UNDECLARED_SELECTOR = YES;
				GCC_WARN_UNINITIALIZED_AUTOS = YES_AGGRESSIVE;
				GCC_WARN_UNUSED_FUNCTION = YES;
				GCC_WARN_UNUSED_VARIABLE = YES;
				IPHONEOS_DEPLOYMENT_TARGET = 13.0;
				MTL_ENABLE_DEBUG_INFO = NO;
				MTL_FAST_MATH = YES;
				SDKROOT = iphoneos;
				SWIFT_COMPILATION_MODE = wholemodule;
				SWIFT_OPTIMIZATION_LEVEL = "-O";
				VALIDATE_PRODUCT = YES;
			};
			name = Release;
		};
		8817B470270F64D500890495 /* Debug */ = {
			isa = XCBuildConfiguration;
			baseConfigurationReference = CEDB6CC802FCA2C25F4E6DF7 /* Pods-MeteorTracker.debug.xcconfig */;
			buildSettings = {
				ASSETCATALOG_COMPILER_APPICON_NAME = AppIcon;
				ASSETCATALOG_COMPILER_GLOBAL_ACCENT_COLOR_NAME = AccentColor;
				CODE_SIGN_STYLE = Automatic;
				CURRENT_PROJECT_VERSION = 1;
				DEVELOPMENT_TEAM = XHUK48HJV9;
				GENERATE_INFOPLIST_FILE = YES;
				INFOPLIST_FILE = MeteorTracker/Info.plist;
				INFOPLIST_KEY_UIApplicationSupportsIndirectInputEvents = YES;
				INFOPLIST_KEY_UILaunchStoryboardName = LaunchScreen;
				INFOPLIST_KEY_UIMainStoryboardFile = Main;
				INFOPLIST_KEY_UISupportedInterfaceOrientations = UIInterfaceOrientationPortrait;
				INFOPLIST_KEY_UISupportedInterfaceOrientations_iPad = "UIInterfaceOrientationPortrait UIInterfaceOrientationPortraitUpsideDown UIInterfaceOrientationLandscapeLeft UIInterfaceOrientationLandscapeRight";
				INFOPLIST_KEY_UISupportedInterfaceOrientations_iPhone = "UIInterfaceOrientationPortrait UIInterfaceOrientationLandscapeLeft UIInterfaceOrientationLandscapeRight";
				IPHONEOS_DEPLOYMENT_TARGET = 13.0;
				LD_RUNPATH_SEARCH_PATHS = (
					"$(inherited)",
					"@executable_path/Frameworks",
				);
				MARKETING_VERSION = 1.0;
				PRODUCT_BUNDLE_IDENTIFIER = com.lourin.MeteorTracker;
				PRODUCT_NAME = "$(TARGET_NAME)";
				SWIFT_EMIT_LOC_STRINGS = YES;
				SWIFT_VERSION = 5.0;
				TARGETED_DEVICE_FAMILY = 1;
			};
			name = Debug;
		};
		8817B471270F64D500890495 /* Release */ = {
			isa = XCBuildConfiguration;
			baseConfigurationReference = 9B48BBC29CEC91E28A13CC88 /* Pods-MeteorTracker.release.xcconfig */;
			buildSettings = {
				ASSETCATALOG_COMPILER_APPICON_NAME = AppIcon;
				ASSETCATALOG_COMPILER_GLOBAL_ACCENT_COLOR_NAME = AccentColor;
				CODE_SIGN_STYLE = Automatic;
				CURRENT_PROJECT_VERSION = 1;
				DEVELOPMENT_TEAM = XHUK48HJV9;
				GENERATE_INFOPLIST_FILE = YES;
				INFOPLIST_FILE = MeteorTracker/Info.plist;
				INFOPLIST_KEY_UIApplicationSupportsIndirectInputEvents = YES;
				INFOPLIST_KEY_UILaunchStoryboardName = LaunchScreen;
				INFOPLIST_KEY_UIMainStoryboardFile = Main;
				INFOPLIST_KEY_UISupportedInterfaceOrientations = UIInterfaceOrientationPortrait;
				INFOPLIST_KEY_UISupportedInterfaceOrientations_iPad = "UIInterfaceOrientationPortrait UIInterfaceOrientationPortraitUpsideDown UIInterfaceOrientationLandscapeLeft UIInterfaceOrientationLandscapeRight";
				INFOPLIST_KEY_UISupportedInterfaceOrientations_iPhone = "UIInterfaceOrientationPortrait UIInterfaceOrientationLandscapeLeft UIInterfaceOrientationLandscapeRight";
				IPHONEOS_DEPLOYMENT_TARGET = 13.0;
				LD_RUNPATH_SEARCH_PATHS = (
					"$(inherited)",
					"@executable_path/Frameworks",
				);
				MARKETING_VERSION = 1.0;
				PRODUCT_BUNDLE_IDENTIFIER = com.lourin.MeteorTracker;
				PRODUCT_NAME = "$(TARGET_NAME)";
				SWIFT_EMIT_LOC_STRINGS = YES;
				SWIFT_VERSION = 5.0;
				TARGETED_DEVICE_FAMILY = 1;
			};
			name = Release;
		};
		8817B473270F64D500890495 /* Debug */ = {
			isa = XCBuildConfiguration;
			baseConfigurationReference = 34E087B16CFEE9B5333C1C44 /* Pods-MeteorTrackerTests.debug.xcconfig */;
			buildSettings = {
				ALWAYS_EMBED_SWIFT_STANDARD_LIBRARIES = "$(inherited)";
				BUNDLE_LOADER = "$(TEST_HOST)";
				CODE_SIGN_STYLE = Automatic;
				CURRENT_PROJECT_VERSION = 1;
				DEVELOPMENT_TEAM = XHUK48HJV9;
				GENERATE_INFOPLIST_FILE = YES;
				IPHONEOS_DEPLOYMENT_TARGET = 15.0;
				LD_RUNPATH_SEARCH_PATHS = (
					"$(inherited)",
					"@executable_path/Frameworks",
					"@loader_path/Frameworks",
				);
				MARKETING_VERSION = 1.0;
				PRODUCT_BUNDLE_IDENTIFIER = com.lourin.MeteorTrackerTests;
				PRODUCT_NAME = "$(TARGET_NAME)";
				SWIFT_EMIT_LOC_STRINGS = NO;
				SWIFT_VERSION = 5.0;
				TARGETED_DEVICE_FAMILY = "1,2";
				TEST_HOST = "$(BUILT_PRODUCTS_DIR)/MeteorTracker.app/MeteorTracker";
			};
			name = Debug;
		};
		8817B474270F64D500890495 /* Release */ = {
			isa = XCBuildConfiguration;
			baseConfigurationReference = 09B74BD72E6817107706A89D /* Pods-MeteorTrackerTests.release.xcconfig */;
			buildSettings = {
				ALWAYS_EMBED_SWIFT_STANDARD_LIBRARIES = "$(inherited)";
				BUNDLE_LOADER = "$(TEST_HOST)";
				CODE_SIGN_STYLE = Automatic;
				CURRENT_PROJECT_VERSION = 1;
				DEVELOPMENT_TEAM = XHUK48HJV9;
				GENERATE_INFOPLIST_FILE = YES;
				IPHONEOS_DEPLOYMENT_TARGET = 15.0;
				LD_RUNPATH_SEARCH_PATHS = (
					"$(inherited)",
					"@executable_path/Frameworks",
					"@loader_path/Frameworks",
				);
				MARKETING_VERSION = 1.0;
				PRODUCT_BUNDLE_IDENTIFIER = com.lourin.MeteorTrackerTests;
				PRODUCT_NAME = "$(TARGET_NAME)";
				SWIFT_EMIT_LOC_STRINGS = NO;
				SWIFT_VERSION = 5.0;
				TARGETED_DEVICE_FAMILY = "1,2";
				TEST_HOST = "$(BUILT_PRODUCTS_DIR)/MeteorTracker.app/MeteorTracker";
			};
			name = Release;
		};
/* End XCBuildConfiguration section */

/* Begin XCConfigurationList section */
		8817B440270F64D100890495 /* Build configuration list for PBXProject "MeteorTracker" */ = {
			isa = XCConfigurationList;
			buildConfigurations = (
				8817B46D270F64D500890495 /* Debug */,
				8817B46E270F64D500890495 /* Release */,
			);
			defaultConfigurationIsVisible = 0;
			defaultConfigurationName = Release;
		};
		8817B46F270F64D500890495 /* Build configuration list for PBXNativeTarget "MeteorTracker" */ = {
			isa = XCConfigurationList;
			buildConfigurations = (
				8817B470270F64D500890495 /* Debug */,
				8817B471270F64D500890495 /* Release */,
			);
			defaultConfigurationIsVisible = 0;
			defaultConfigurationName = Release;
		};
		8817B472270F64D500890495 /* Build configuration list for PBXNativeTarget "MeteorTrackerTests" */ = {
			isa = XCConfigurationList;
			buildConfigurations = (
				8817B473270F64D500890495 /* Debug */,
				8817B474270F64D500890495 /* Release */,
			);
			defaultConfigurationIsVisible = 0;
			defaultConfigurationName = Release;
		};
/* End XCConfigurationList section */
	};
	rootObject = 8817B43D270F64D100890495 /* Project object */;
}
